
Microsoft Visual Studio Solution File, Format Version 12.00
# Visual Studio Version 16
VisualStudioVersion = 16.0.30717.126
MinimumVisualStudioVersion = 10.0.40219.1
Project("{FAE04EC0-301F-11D3-BF4B-00C04F79EFBC}") = "ConsoleApp4", "ConsoleApp4\ConsoleApp4.csproj", "{58F67801-866B-40C0-945D-CE8EE28E477E}"
EndProject
Global
	GlobalSection(SolutionConfigurationPlatforms) = preSolution
		Debug|Any CPU = Debug|Any CPU
		Release|Any CPU = Release|Any CPU
	EndGlobalSection
	GlobalSection(ProjectConfigurationPlatforms) = postSolution
		{58F67801-866B-40C0-945D-CE8EE28E477E}.Debug|Any CPU.ActiveCfg = Debug|Any CPU
		{58F67801-866B-40C0-945D-CE8EE28E477E}.Debug|Any CPU.Build.0 = Debug|Any CPU
		{58F67801-866B-40C0-945D-CE8EE28E477E}.Release|Any CPU.ActiveCfg = Release|Any CPU
		{58F67801-866B-40C0-945D-CE8EE28E477E}.Release|Any CPU.Build.0 = Release|Any CPU
	EndGlobalSection
	GlobalSection(SolutionProperties) = preSolution
		HideSolutionNode = FALSE
	EndGlobalSection
	GlobalSection(ExtensibilityGlobals) = postSolution
		SolutionGuid = {9278130D-7341-4B40-9FDF-998D335488C3}
	EndGlobalSection
EndGlobal
